// !$*UTF8*$!
{
	archiveVersion = 1;
	classes = {
	};
	objectVersion = 56;
	objects = {

/* Begin PBXBuildFile section */
		1B9452752ABA17FD0087DD0E /* AppDelegate.swift in Sources */ = {isa = PBXBuildFile; fileRef = 1B9452742ABA17FD0087DD0E /* AppDelegate.swift */; };
		1B9452772ABA17FD0087DD0E /* SceneDelegate.swift in Sources */ = {isa = PBXBuildFile; fileRef = 1B9452762ABA17FD0087DD0E /* SceneDelegate.swift */; };
		1B9452792ABA17FD0087DD0E /* ViewController.swift in Sources */ = {isa = PBXBuildFile; fileRef = 1B9452782ABA17FD0087DD0E /* ViewController.swift */; };
		1B94527C2ABA17FD0087DD0E /* Main.storyboard in Resources */ = {isa = PBXBuildFile; fileRef = 1B94527A2ABA17FD0087DD0E /* Main.storyboard */; };
		1B94527E2ABA18000087DD0E /* Assets.xcassets in Resources */ = {isa = PBXBuildFile; fileRef = 1B94527D2ABA18000087DD0E /* Assets.xcassets */; };
		1B9452812ABA18000087DD0E /* LaunchScreen.storyboard in Resources */ = {isa = PBXBuildFile; fileRef = 1B94527F2ABA18000087DD0E /* LaunchScreen.storyboard */; };
		1B94528C2ABA18000087DD0E /* InterfaceBuilderBasicsTests.swift in Sources */ = {isa = PBXBuildFile; fileRef = 1B94528B2ABA18000087DD0E /* InterfaceBuilderBasicsTests.swift */; };
		1B9452962ABA18000087DD0E /* InterfaceBuilderBasicsUITests.swift in Sources */ = {isa = PBXBuildFile; fileRef = 1B9452952ABA18000087DD0E /* InterfaceBuilderBasicsUITests.swift */; };
		1B9452982ABA18000087DD0E /* InterfaceBuilderBasicsUITestsLaunchTests.swift in Sources */ = {isa = PBXBuildFile; fileRef = 1B9452972ABA18000087DD0E /* InterfaceBuilderBasicsUITestsLaunchTests.swift */; };
/* End PBXBuildFile section */

/* Begin PBXContainerItemProxy section */
		1B9452882ABA18000087DD0E /* PBXContainerItemProxy */ = {
			isa = PBXContainerItemProxy;
			containerPortal = 1B9452692ABA17FD0087DD0E /* Project object */;
			proxyType = 1;
			remoteGlobalIDString = 1B9452702ABA17FD0087DD0E;
			remoteInfo = InterfaceBuilderBasics;
		};
		1B9452922ABA18000087DD0E /* PBXContainerItemProxy */ = {
			isa = PBXContainerItemProxy;
			containerPortal = 1B9452692ABA17FD0087DD0E /* Project object */;
			proxyType = 1;
			remoteGlobalIDString = 1B9452702ABA17FD0087DD0E;
			remoteInfo = InterfaceBuilderBasics;
		};
/* End PBXContainerItemProxy section */

/* Begin PBXFileReference section */
		1B9452712ABA17FD0087DD0E /* InterfaceBuilderBasics.app */ = {isa = PBXFileReference; explicitFileType = wrapper.application; includeInIndex = 0; path = InterfaceBuilderBasics.app; sourceTree = BUILT_PRODUCTS_DIR; };
		1B9452742ABA17FD0087DD0E /* AppDelegate.swift */ = {isa = PBXFileReference; lastKnownFileType = sourcecode.swift; path = AppDelegate.swift; sourceTree = "<group>"; };
		1B9452762ABA17FD0087DD0E /* SceneDelegate.swift */ = {isa = PBXFileReference; lastKnownFileType = sourcecode.swift; path = SceneDelegate.swift; sourceTree = "<group>"; };
		1B9452782ABA17FD0087DD0E /* ViewController.swift */ = {isa = PBXFileReference; lastKnownFileType = sourcecode.swift; path = ViewController.swift; sourceTree = "<group>"; };
		1B94527B2ABA17FD0087DD0E /* Base */ = {isa = PBXFileReference; lastKnownFileType = file.storyboard; name = Base; path = Base.lproj/Main.storyboard; sourceTree = "<group>"; };
		1B94527D2ABA18000087DD0E /* Assets.xcassets */ = {isa = PBXFileReference; lastKnownFileType = folder.assetcatalog; path = Assets.xcassets; sourceTree = "<group>"; };
		1B9452802ABA18000087DD0E /* Base */ = {isa = PBXFileReference; lastKnownFileType = file.storyboard; name = Base; path = Base.lproj/LaunchScreen.storyboard; sourceTree = "<group>"; };
		1B9452822ABA18000087DD0E /* Info.plist */ = {isa = PBXFileReference; lastKnownFileType = text.plist.xml; path = Info.plist; sourceTree = "<group>"; };
		1B9452872ABA18000087DD0E /* InterfaceBuilderBasicsTests.xctest */ = {isa = PBXFileReference; explicitFileType = wrapper.cfbundle; includeInIndex = 0; path = InterfaceBuilderBasicsTests.xctest; sourceTree = BUILT_PRODUCTS_DIR; };
		1B94528B2ABA18000087DD0E /* InterfaceBuilderBasicsTests.swift */ = {isa = PBXFileReference; lastKnownFileType = sourcecode.swift; path = InterfaceBuilderBasicsTests.swift; sourceTree = "<group>"; };
		1B9452912ABA18000087DD0E /* InterfaceBuilderBasicsUITests.xctest */ = {isa = PBXFileReference; explicitFileType = wrapper.cfbundle; includeInIndex = 0; path = InterfaceBuilderBasicsUITests.xctest; sourceTree = BUILT_PRODUCTS_DIR; };
		1B9452952ABA18000087DD0E /* InterfaceBuilderBasicsUITests.swift */ = {isa = PBXFileReference; lastKnownFileType = sourcecode.swift; path = InterfaceBuilderBasicsUITests.swift; sourceTree = "<group>"; };
		1B9452972ABA18000087DD0E /* InterfaceBuilderBasicsUITestsLaunchTests.swift */ = {isa = PBXFileReference; lastKnownFileType = sourcecode.swift; path = InterfaceBuilderBasicsUITestsLaunchTests.swift; sourceTree = "<group>"; };
/* End PBXFileReference section */

/* Begin PBXFrameworksBuildPhase section */
		1B94526E2ABA17FD0087DD0E /* Frameworks */ = {
			isa = PBXFrameworksBuildPhase;
			buildActionMask = 2147483647;
			files = (
			);
			runOnlyForDeploymentPostprocessing = 0;
		};
		1B9452842ABA18000087DD0E /* Frameworks */ = {
			isa = PBXFrameworksBuildPhase;
			buildActionMask = 2147483647;
			files = (
			);
			runOnlyForDeploymentPostprocessing = 0;
		};
		1B94528E2ABA18000087DD0E /* Frameworks */ = {
			isa = PBXFrameworksBuildPhase;
			buildActionMask = 2147483647;
			files = (
			);
			runOnlyForDeploymentPostprocessing = 0;
		};
/* End PBXFrameworksBuildPhase section */

/* Begin PBXGroup section */
		1B9452682ABA17FD0087DD0E = {
			isa = PBXGroup;
			children = (
				1B9452732ABA17FD0087DD0E /* InterfaceBuilderBasics */,
				1B94528A2ABA18000087DD0E /* InterfaceBuilderBasicsTests */,
				1B9452942ABA18000087DD0E /* InterfaceBuilderBasicsUITests */,
				1B9452722ABA17FD0087DD0E /* Products */,
			);
			sourceTree = "<group>";
		};
		1B9452722ABA17FD0087DD0E /* Products */ = {
			isa = PBXGroup;
			children = (
				1B9452712ABA17FD0087DD0E /* InterfaceBuilderBasics.app */,
				1B9452872ABA18000087DD0E /* InterfaceBuilderBasicsTests.xctest */,
				1B9452912ABA18000087DD0E /* InterfaceBuilderBasicsUITests.xctest */,
			);
			name = Products;
			sourceTree = "<group>";
		};
		1B9452732ABA17FD0087DD0E /* InterfaceBuilderBasics */ = {
			isa = PBXGroup;
			children = (
				1B9452742ABA17FD0087DD0E /* AppDelegate.swift */,
				1B9452762ABA17FD0087DD0E /* SceneDelegate.swift */,
				1B9452782ABA17FD0087DD0E /* ViewController.swift */,
				1B94527A2ABA17FD0087DD0E /* Main.storyboard */,
				1B94527D2ABA18000087DD0E /* Assets.xcassets */,
				1B94527F2ABA18000087DD0E /* LaunchScreen.storyboard */,
				1B9452822ABA18000087DD0E /* Info.plist */,
			);
			path = InterfaceBuilderBasics;
			sourceTree = "<group>";
		};
		1B94528A2ABA18000087DD0E /* InterfaceBuilderBasicsTests */ = {
			isa = PBXGroup;
			children = (
				1B94528B2ABA18000087DD0E /* InterfaceBuilderBasicsTests.swift */,
			);
			path = InterfaceBuilderBasicsTests;
			sourceTree = "<group>";
		};
		1B9452942ABA18000087DD0E /* InterfaceBuilderBasicsUITests */ = {
			isa = PBXGroup;
			children = (
				1B9452952ABA18000087DD0E /* InterfaceBuilderBasicsUITests.swift */,
				1B9452972ABA18000087DD0E /* InterfaceBuilderBasicsUITestsLaunchTests.swift */,
			);
			path = InterfaceBuilderBasicsUITests;
			sourceTree = "<group>";
		};
/* End PBXGroup section */

/* Begin PBXNativeTarget section */
		1B9452702ABA17FD0087DD0E /* InterfaceBuilderBasics */ = {
			isa = PBXNativeTarget;
			buildConfigurationList = 1B94529B2ABA18000087DD0E /* Build configuration list for PBXNativeTarget "InterfaceBuilderBasics" */;
			buildPhases = (
				1B94526D2ABA17FD0087DD0E /* Sources */,
				1B94526E2ABA17FD0087DD0E /* Frameworks */,
				1B94526F2ABA17FD0087DD0E /* Resources */,
			);
			buildRules = (
			);
			dependencies = (
			);
			name = InterfaceBuilderBasics;
			productName = InterfaceBuilderBasics;
			productReference = 1B9452712ABA17FD0087DD0E /* InterfaceBuilderBasics.app */;
			productType = "com.apple.product-type.application";
		};
		1B9452862ABA18000087DD0E /* InterfaceBuilderBasicsTests */ = {
			isa = PBXNativeTarget;
			buildConfigurationList = 1B94529E2ABA18000087DD0E /* Build configuration list for PBXNativeTarget "InterfaceBuilderBasicsTests" */;
			buildPhases = (
				1B9452832ABA18000087DD0E /* Sources */,
				1B9452842ABA18000087DD0E /* Frameworks */,
				1B9452852ABA18000087DD0E /* Resources */,
			);
			buildRules = (
			);
			dependencies = (
				1B9452892ABA18000087DD0E /* PBXTargetDependency */,
			);
			name = InterfaceBuilderBasicsTests;
			productName = InterfaceBuilderBasicsTests;
			productReference = 1B9452872ABA18000087DD0E /* InterfaceBuilderBasicsTests.xctest */;
			productType = "com.apple.product-type.bundle.unit-test";
		};
		1B9452902ABA18000087DD0E /* InterfaceBuilderBasicsUITests */ = {
			isa = PBXNativeTarget;
			buildConfigurationList = 1B9452A12ABA18000087DD0E /* Build configuration list for PBXNativeTarget "InterfaceBuilderBasicsUITests" */;
			buildPhases = (
				1B94528D2ABA18000087DD0E /* Sources */,
				1B94528E2ABA18000087DD0E /* Frameworks */,
				1B94528F2ABA18000087DD0E /* Resources */,
			);
			buildRules = (
			);
			dependencies = (
				1B9452932ABA18000087DD0E /* PBXTargetDependency */,
			);
			name = InterfaceBuilderBasicsUITests;
			productName = InterfaceBuilderBasicsUITests;
			productReference = 1B9452912ABA18000087DD0E /* InterfaceBuilderBasicsUITests.xctest */;
			productType = "com.apple.product-type.bundle.ui-testing";
		};
/* End PBXNativeTarget section */

/* Begin PBXProject section */
		1B9452692ABA17FD0087DD0E /* Project object */ = {
			isa = PBXProject;
			attributes = {
				BuildIndependentTargetsInParallel = 1;
				LastSwiftUpdateCheck = 1430;
				LastUpgradeCheck = 1430;
				TargetAttributes = {
					1B9452702ABA17FD0087DD0E = {
						CreatedOnToolsVersion = 14.3.1;
					};
					1B9452862ABA18000087DD0E = {
						CreatedOnToolsVersion = 14.3.1;
						TestTargetID = 1B9452702ABA17FD0087DD0E;
					};
					1B9452902ABA18000087DD0E = {
						CreatedOnToolsVersion = 14.3.1;
						TestTargetID = 1B9452702ABA17FD0087DD0E;
					};
				};
			};
			buildConfigurationList = 1B94526C2ABA17FD0087DD0E /* Build configuration list for PBXProject "InterfaceBuilderBasics" */;
			compatibilityVersion = "Xcode 14.0";
			developmentRegion = en;
			hasScannedForEncodings = 0;
			knownRegions = (
				en,
				Base,
			);
			mainGroup = 1B9452682ABA17FD0087DD0E;
			productRefGroup = 1B9452722ABA17FD0087DD0E /* Products */;
			projectDirPath = "";
			projectRoot = "";
			targets = (
				1B9452702ABA17FD0087DD0E /* InterfaceBuilderBasics */,
				1B9452862ABA18000087DD0E /* InterfaceBuilderBasicsTests */,
				1B9452902ABA18000087DD0E /* InterfaceBuilderBasicsUITests */,
			);
		};
/* End PBXProject section */

/* Begin PBXResourcesBuildPhase section */
		1B94526F2ABA17FD0087DD0E /* Resources */ = {
			isa = PBXResourcesBuildPhase;
			buildActionMask = 2147483647;
			files = (
				1B9452812ABA18000087DD0E /* LaunchScreen.storyboard in Resources */,
				1B94527E2ABA18000087DD0E /* Assets.xcassets in Resources */,
				1B94527C2ABA17FD0087DD0E /* Main.storyboard in Resources */,
			);
			runOnlyForDeploymentPostprocessing = 0;
		};
		1B9452852ABA18000087DD0E /* Resources */ = {
			isa = PBXResourcesBuildPhase;
			buildActionMask = 2147483647;
			files = (
			);
			runOnlyForDeploymentPostprocessing = 0;
		};
		1B94528F2ABA18000087DD0E /* Resources */ = {
			isa = PBXResourcesBuildPhase;
			buildActionMask = 2147483647;
			files = (
			);
			runOnlyForDeploymentPostprocessing = 0;
		};
/* End PBXResourcesBuildPhase section */

/* Begin PBXSourcesBuildPhase section */
		1B94526D2ABA17FD0087DD0E /* Sources */ = {
			isa = PBXSourcesBuildPhase;
			buildActionMask = 2147483647;
			files = (
				1B9452792ABA17FD0087DD0E /* ViewController.swift in Sources */,
				1B9452752ABA17FD0087DD0E /* AppDelegate.swift in Sources */,
				1B9452772ABA17FD0087DD0E /* SceneDelegate.swift in Sources */,
			);
			runOnlyForDeploymentPostprocessing = 0;
		};
		1B9452832ABA18000087DD0E /* Sources */ = {
			isa = PBXSourcesBuildPhase;
			buildActionMask = 2147483647;
			files = (
				1B94528C2ABA18000087DD0E /* InterfaceBuilderBasicsTests.swift in Sources */,
			);
			runOnlyForDeploymentPostprocessing = 0;
		};
		1B94528D2ABA18000087DD0E /* Sources */ = {
			isa = PBXSourcesBuildPhase;
			buildActionMask = 2147483647;
			files = (
				1B9452962ABA18000087DD0E /* InterfaceBuilderBasicsUITests.swift in Sources */,
				1B9452982ABA18000087DD0E /* InterfaceBuilderBasicsUITestsLaunchTests.swift in Sources */,
			);
			runOnlyForDeploymentPostprocessing = 0;
		};
/* End PBXSourcesBuildPhase section */

/* Begin PBXTargetDependency section */
		1B9452892ABA18000087DD0E /* PBXTargetDependency */ = {
			isa = PBXTargetDependency;
			target = 1B9452702ABA17FD0087DD0E /* InterfaceBuilderBasics */;
			targetProxy = 1B9452882ABA18000087DD0E /* PBXContainerItemProxy */;
		};
		1B9452932ABA18000087DD0E /* PBXTargetDependency */ = {
			isa = PBXTargetDependency;
			target = 1B9452702ABA17FD0087DD0E /* InterfaceBuilderBasics */;
			targetProxy = 1B9452922ABA18000087DD0E /* PBXContainerItemProxy */;
		};
/* End PBXTargetDependency section */

/* Begin PBXVariantGroup section */
		1B94527A2ABA17FD0087DD0E /* Main.storyboard */ = {
			isa = PBXVariantGroup;
			children = (
				1B94527B2ABA17FD0087DD0E /* Base */,
			);
			name = Main.storyboard;
			sourceTree = "<group>";
		};
		1B94527F2ABA18000087DD0E /* LaunchScreen.storyboard */ = {
			isa = PBXVariantGroup;
			children = (
				1B9452802ABA18000087DD0E /* Base */,
			);
			name = LaunchScreen.storyboard;
			sourceTree = "<group>";
		};
/* End PBXVariantGroup section */

/* Begin XCBuildConfiguration section */
		1B9452992ABA18000087DD0E /* Debug */ = {
			isa = XCBuildConfiguration;
			buildSettings = {
				ALWAYS_SEARCH_USER_PATHS = NO;
				CLANG_ANALYZER_NONNULL = YES;
				CLANG_ANALYZER_NUMBER_OBJECT_CONVERSION = YES_AGGRESSIVE;
				CLANG_CXX_LANGUAGE_STANDARD = "gnu++20";
				CLANG_ENABLE_MODULES = YES;
				CLANG_ENABLE_OBJC_ARC = YES;
				CLANG_ENABLE_OBJC_WEAK = YES;
				CLANG_WARN_BLOCK_CAPTURE_AUTORELEASING = YES;
				CLANG_WARN_BOOL_CONVERSION = YES;
				CLANG_WARN_COMMA = YES;
				CLANG_WARN_CONSTANT_CONVERSION = YES;
				CLANG_WARN_DEPRECATED_OBJC_IMPLEMENTATIONS = YES;
				CLANG_WARN_DIRECT_OBJC_ISA_USAGE = YES_ERROR;
				CLANG_WARN_DOCUMENTATION_COMMENTS = YES;
				CLANG_WARN_EMPTY_BODY = YES;
				CLANG_WARN_ENUM_CONVERSION = YES;
				CLANG_WARN_INFINITE_RECURSION = YES;
				CLANG_WARN_INT_CONVERSION = YES;
				CLANG_WARN_NON_LITERAL_NULL_CONVERSION = YES;
				CLANG_WARN_OBJC_IMPLICIT_RETAIN_SELF = YES;
				CLANG_WARN_OBJC_LITERAL_CONVERSION = YES;
				CLANG_WARN_OBJC_ROOT_CLASS = YES_ERROR;
				CLANG_WARN_QUOTED_INCLUDE_IN_FRAMEWORK_HEADER = YES;
				CLANG_WARN_RANGE_LOOP_ANALYSIS = YES;
				CLANG_WARN_STRICT_PROTOTYPES = YES;
				CLANG_WARN_SUSPICIOUS_MOVE = YES;
				CLANG_WARN_UNGUARDED_AVAILABILITY = YES_AGGRESSIVE;
				CLANG_WARN_UNREACHABLE_CODE = YES;
				CLANG_WARN__DUPLICATE_METHOD_MATCH = YES;
				COPY_PHASE_STRIP = NO;
				DEBUG_INFORMATION_FORMAT = dwarf;
				ENABLE_STRICT_OBJC_MSGSEND = YES;
				ENABLE_TESTABILITY = YES;
				GCC_C_LANGUAGE_STANDARD = gnu11;
				GCC_DYNAMIC_NO_PIC = NO;
				GCC_NO_COMMON_BLOCKS = YES;
				GCC_OPTIMIZATION_LEVEL = 0;
				GCC_PREPROCESSOR_DEFINITIONS = (
					"DEBUG=1",
					"$(inherited)",
				);
				GCC_WARN_64_TO_32_BIT_CONVERSION = YES;
				GCC_WARN_ABOUT_RETURN_TYPE = YES_ERROR;
				GCC_WARN_UNDECLARED_SELECTOR = YES;
				GCC_WARN_UNINITIALIZED_AUTOS = YES_AGGRESSIVE;
				GCC_WARN_UNUSED_FUNCTION = YES;
				GCC_WARN_UNUSED_VARIABLE = YES;
				IPHONEOS_DEPLOYMENT_TARGET = 16.4;
				MTL_ENABLE_DEBUG_INFO = INCLUDE_SOURCE;
				MTL_FAST_MATH = YES;
				ONLY_ACTIVE_ARCH = YES;
				SDKROOT = iphoneos;
				SWIFT_ACTIVE_COMPILATION_CONDITIONS = DEBUG;
				SWIFT_OPTIMIZATION_LEVEL = "-Onone";
			};
			name = Debug;
		};
		1B94529A2ABA18000087DD0E /* Release */ = {
			isa = XCBuildConfiguration;
			buildSettings = {
				ALWAYS_SEARCH_USER_PATHS = NO;
				CLANG_ANALYZER_NONNULL = YES;
				CLANG_ANALYZER_NUMBER_OBJECT_CONVERSION = YES_AGGRESSIVE;
				CLANG_CXX_LANGUAGE_STANDARD = "gnu++20";
				CLANG_ENABLE_MODULES = YES;
				CLANG_ENABLE_OBJC_ARC = YES;
				CLANG_ENABLE_OBJC_WEAK = YES;
				CLANG_WARN_BLOCK_CAPTURE_AUTORELEASING = YES;
				CLANG_WARN_BOOL_CONVERSION = YES;
				CLANG_WARN_COMMA = YES;
				CLANG_WARN_CONSTANT_CONVERSION = YES;
				CLANG_WARN_DEPRECATED_OBJC_IMPLEMENTATIONS = YES;
				CLANG_WARN_DIRECT_OBJC_ISA_USAGE = YES_ERROR;
				CLANG_WARN_DOCUMENTATION_COMMENTS = YES;
				CLANG_WARN_EMPTY_BODY = YES;
				CLANG_WARN_ENUM_CONVERSION = YES;
				CLANG_WARN_INFINITE_RECURSION = YES;
				CLANG_WARN_INT_CONVERSION = YES;
				CLANG_WARN_NON_LITERAL_NULL_CONVERSION = YES;
				CLANG_WARN_OBJC_IMPLICIT_RETAIN_SELF = YES;
				CLANG_WARN_OBJC_LITERAL_CONVERSION = YES;
				CLANG_WARN_OBJC_ROOT_CLASS = YES_ERROR;
				CLANG_WARN_QUOTED_INCLUDE_IN_FRAMEWORK_HEADER = YES;
				CLANG_WARN_RANGE_LOOP_ANALYSIS = YES;
				CLANG_WARN_STRICT_PROTOTYPES = YES;
				CLANG_WARN_SUSPICIOUS_MOVE = YES;
				CLANG_WARN_UNGUARDED_AVAILABILITY = YES_AGGRESSIVE;
				CLANG_WARN_UNREACHABLE_CODE = YES;
				CLANG_WARN__DUPLICATE_METHOD_MATCH = YES;
				COPY_PHASE_STRIP = NO;
				DEBUG_INFORMATION_FORMAT = "dwarf-with-dsym";
				ENABLE_NS_ASSERTIONS = NO;
				ENABLE_STRICT_OBJC_MSGSEND = YES;
				GCC_C_LANGUAGE_STANDARD = gnu11;
				GCC_NO_COMMON_BLOCKS = YES;
				GCC_WARN_64_TO_32_BIT_CONVERSION = YES;
				GCC_WARN_ABOUT_RETURN_TYPE = YES_ERROR;
				GCC_WARN_UNDECLARED_SELECTOR = YES;
				GCC_WARN_UNINITIALIZED_AUTOS = YES_AGGRESSIVE;
				GCC_WARN_UNUSED_FUNCTION = YES;
				GCC_WARN_UNUSED_VARIABLE = YES;
				IPHONEOS_DEPLOYMENT_TARGET = 16.4;
				MTL_ENABLE_DEBUG_INFO = NO;
				MTL_FAST_MATH = YES;
				SDKROOT = iphoneos;
				SWIFT_COMPILATION_MODE = wholemodule;
				SWIFT_OPTIMIZATION_LEVEL = "-O";
				VALIDATE_PRODUCT = YES;
			};
			name = Release;
		};
		1B94529C2ABA18000087DD0E /* Debug */ = {
			isa = XCBuildConfiguration;
			buildSettings = {
				ASSETCATALOG_COMPILER_APPICON_NAME = AppIcon;
				ASSETCATALOG_COMPILER_GLOBAL_ACCENT_COLOR_NAME = AccentColor;
				CODE_SIGN_STYLE = Automatic;
				CURRENT_PROJECT_VERSION = 1;
				GENERATE_INFOPLIST_FILE = YES;
				INFOPLIST_FILE = InterfaceBuilderBasics/Info.plist;
				INFOPLIST_KEY_UIApplicationSupportsIndirectInputEvents = YES;
				INFOPLIST_KEY_UILaunchStoryboardName = LaunchScreen;
				INFOPLIST_KEY_UIMainStoryboardFile = Main;
				INFOPLIST_KEY_UISupportedInterfaceOrientations_iPad = "UIInterfaceOrientationPortrait UIInterfaceOrientationPortraitUpsideDown UIInterfaceOrientationLandscapeLeft UIInterfaceOrientationLandscapeRight";
				INFOPLIST_KEY_UISupportedInterfaceOrientations_iPhone = "UIInterfaceOrientationPortrait UIInterfaceOrientationLandscapeLeft UIInterfaceOrientationLandscapeRight";
				LD_RUNPATH_SEARCH_PATHS = (
					"$(inherited)",
					"@executable_path/Frameworks",
				);
				MARKETING_VERSION = 1.0;
				PRODUCT_BUNDLE_IDENTIFIER = com.biggy.InterfaceBuilderBasics;
				PRODUCT_NAME = "$(TARGET_NAME)";
				SWIFT_EMIT_LOC_STRINGS = YES;
				SWIFT_VERSION = 5.0;
				TARGETED_DEVICE_FAMILY = "1,2";
			};
			name = Debug;
		};
		1B94529D2ABA18000087DD0E /* Release */ = {
			isa = XCBuildConfiguration;
			buildSettings = {
				ASSETCATALOG_COMPILER_APPICON_NAME = AppIcon;
				ASSETCATALOG_COMPILER_GLOBAL_ACCENT_COLOR_NAME = AccentColor;
				CODE_SIGN_STYLE = Automatic;
				CURRENT_PROJECT_VERSION = 1;
				GENERATE_INFOPLIST_FILE = YES;
				INFOPLIST_FILE = InterfaceBuilderBasics/Info.plist;
				INFOPLIST_KEY_UIApplicationSupportsIndirectInputEvents = YES;
				INFOPLIST_KEY_UILaunchStoryboardName = LaunchScreen;
				INFOPLIST_KEY_UIMainStoryboardFile = Main;
				INFOPLIST_KEY_UISupportedInterfaceOrientations_iPad = "UIInterfaceOrientationPortrait UIInterfaceOrientationPortraitUpsideDown UIInterfaceOrientationLandscapeLeft UIInterfaceOrientationLandscapeRight";
				INFOPLIST_KEY_UISupportedInterfaceOrientations_iPhone = "UIInterfaceOrientationPortrait UIInterfaceOrientationLandscapeLeft UIInterfaceOrientationLandscapeRight";
				LD_RUNPATH_SEARCH_PATHS = (
					"$(inherited)",
					"@executable_path/Frameworks",
				);
				MARKETING_VERSION = 1.0;
				PRODUCT_BUNDLE_IDENTIFIER = com.biggy.InterfaceBuilderBasics;
				PRODUCT_NAME = "$(TARGET_NAME)";
				SWIFT_EMIT_LOC_STRINGS = YES;
				SWIFT_VERSION = 5.0;
				TARGETED_DEVICE_FAMILY = "1,2";
			};
			name = Release;
		};
		1B94529F2ABA18000087DD0E /* Debug */ = {
			isa = XCBuildConfiguration;
			buildSettings = {
				ALWAYS_EMBED_SWIFT_STANDARD_LIBRARIES = YES;
				BUNDLE_LOADER = "$(TEST_HOST)";
				CODE_SIGN_STYLE = Automatic;
				CURRENT_PROJECT_VERSION = 1;
				GENERATE_INFOPLIST_FILE = YES;
				IPHONEOS_DEPLOYMENT_TARGET = 16.4;
				MARKETING_VERSION = 1.0;
				PRODUCT_BUNDLE_IDENTIFIER = com.biggy.InterfaceBuilderBasicsTests;
				PRODUCT_NAME = "$(TARGET_NAME)";
				SWIFT_EMIT_LOC_STRINGS = NO;
				SWIFT_VERSION = 5.0;
				TARGETED_DEVICE_FAMILY = "1,2";
				TEST_HOST = "$(BUILT_PRODUCTS_DIR)/InterfaceBuilderBasics.app/$(BUNDLE_EXECUTABLE_FOLDER_PATH)/InterfaceBuilderBasics";
			};
			name = Debug;
		};
		1B9452A02ABA18000087DD0E /* Release */ = {
			isa = XCBuildConfiguration;
			buildSettings = {
				ALWAYS_EMBED_SWIFT_STANDARD_LIBRARIES = YES;
				BUNDLE_LOADER = "$(TEST_HOST)";
				CODE_SIGN_STYLE = Automatic;
				CURRENT_PROJECT_VERSION = 1;
				GENERATE_INFOPLIST_FILE = YES;
				IPHONEOS_DEPLOYMENT_TARGET = 16.4;
				MARKETING_VERSION = 1.0;
				PRODUCT_BUNDLE_IDENTIFIER = com.biggy.InterfaceBuilderBasicsTests;
				PRODUCT_NAME = "$(TARGET_NAME)";
				SWIFT_EMIT_LOC_STRINGS = NO;
				SWIFT_VERSION = 5.0;
				TARGETED_DEVICE_FAMILY = "1,2";
				TEST_HOST = "$(BUILT_PRODUCTS_DIR)/InterfaceBuilderBasics.app/$(BUNDLE_EXECUTABLE_FOLDER_PATH)/InterfaceBuilderBasics";
			};
			name = Release;
		};
		1B9452A22ABA18000087DD0E /* Debug */ = {
			isa = XCBuildConfiguration;
			buildSettings = {
				ALWAYS_EMBED_SWIFT_STANDARD_LIBRARIES = YES;
				CODE_SIGN_STYLE = Automatic;
				CURRENT_PROJECT_VERSION = 1;
				GENERATE_INFOPLIST_FILE = YES;
				MARKETING_VERSION = 1.0;
				PRODUCT_BUNDLE_IDENTIFIER = com.biggy.InterfaceBuilderBasicsUITests;
				PRODUCT_NAME = "$(TARGET_NAME)";
				SWIFT_EMIT_LOC_STRINGS = NO;
				SWIFT_VERSION = 5.0;
				TARGETED_DEVICE_FAMILY = "1,2";
				TEST_TARGET_NAME = InterfaceBuilderBasics;
			};
			name = Debug;
		};
		1B9452A32ABA18000087DD0E /* Release */ = {
			isa = XCBuildConfiguration;
			buildSettings = {
				ALWAYS_EMBED_SWIFT_STANDARD_LIBRARIES = YES;
				CODE_SIGN_STYLE = Automatic;
				CURRENT_PROJECT_VERSION = 1;
				GENERATE_INFOPLIST_FILE = YES;
				MARKETING_VERSION = 1.0;
				PRODUCT_BUNDLE_IDENTIFIER = com.biggy.InterfaceBuilderBasicsUITests;
				PRODUCT_NAME = "$(TARGET_NAME)";
				SWIFT_EMIT_LOC_STRINGS = NO;
				SWIFT_VERSION = 5.0;
				TARGETED_DEVICE_FAMILY = "1,2";
				TEST_TARGET_NAME = InterfaceBuilderBasics;
			};
			name = Release;
		};
/* End XCBuildConfiguration section */

/* Begin XCConfigurationList section */
		1B94526C2ABA17FD0087DD0E /* Build configuration list for PBXProject "InterfaceBuilderBasics" */ = {
			isa = XCConfigurationList;
			buildConfigurations = (
				1B9452992ABA18000087DD0E /* Debug */,
				1B94529A2ABA18000087DD0E /* Release */,
			);
			defaultConfigurationIsVisible = 0;
			defaultConfigurationName = Release;
		};
		1B94529B2ABA18000087DD0E /* Build configuration list for PBXNativeTarget "InterfaceBuilderBasics" */ = {
			isa = XCConfigurationList;
			buildConfigurations = (
				1B94529C2ABA18000087DD0E /* Debug */,
				1B94529D2ABA18000087DD0E /* Release */,
			);
			defaultConfigurationIsVisible = 0;
			defaultConfigurationName = Release;
		};
		1B94529E2ABA18000087DD0E /* Build configuration list for PBXNativeTarget "InterfaceBuilderBasicsTests" */ = {
			isa = XCConfigurationList;
			buildConfigurations = (
				1B94529F2ABA18000087DD0E /* Debug */,
				1B9452A02ABA18000087DD0E /* Release */,
			);
			defaultConfigurationIsVisible = 0;
			defaultConfigurationName = Release;
		};
		1B9452A12ABA18000087DD0E /* Build configuration list for PBXNativeTarget "InterfaceBuilderBasicsUITests" */ = {
			isa = XCConfigurationList;
			buildConfigurations = (
				1B9452A22ABA18000087DD0E /* Debug */,
				1B9452A32ABA18000087DD0E /* Release */,
			);
			defaultConfigurationIsVisible = 0;
			defaultConfigurationName = Release;
		};
/* End XCConfigurationList section */
	};
	rootObject = 1B9452692ABA17FD0087DD0E /* Project object */;
}
